
Microsoft Visual Studio Solution File, Format Version 12.00
# Visual Studio 15
VisualStudioVersion = 15.0.26730.16
MinimumVisualStudioVersion = 10.0.40219.1
Project("{FAE04EC0-301F-11D3-BF4B-00C04F79EFBC}") = "MousePark", "MousePark\MousePark.csproj", "{3ADED798-6ADC-4A5C-96A2-338E7F29CEF3}"
EndProject
Global
	GlobalSection(SolutionConfigurationPlatforms) = preSolution
		Debug|Any CPU = Debug|Any CPU
		Release|Any CPU = Release|Any CPU
	EndGlobalSection
	GlobalSection(ProjectConfigurationPlatforms) = postSolution
		{3ADED798-6ADC-4A5C-96A2-338E7F29CEF3}.Debug|Any CPU.ActiveCfg = Debug|Any CPU
		{3ADED798-6ADC-4A5C-96A2-338E7F29CEF3}.Debug|Any CPU.Build.0 = Debug|Any CPU
		{3ADED798-6ADC-4A5C-96A2-338E7F29CEF3}.Release|Any CPU.ActiveCfg = Release|Any CPU
		{3ADED798-6ADC-4A5C-96A2-338E7F29CEF3}.Release|Any CPU.Build.0 = Release|Any CPU
	EndGlobalSection
	GlobalSection(SolutionProperties) = preSolution
		HideSolutionNode = FALSE
	EndGlobalSection
	GlobalSection(ExtensibilityGlobals) = postSolution
		SolutionGuid = {BA5DAF26-819E-489C-A22C-7197C8936B68}
	EndGlobalSection
EndGlobal
