
Microsoft Visual Studio Solution File, Format Version 12.00
# Visual Studio 15
VisualStudioVersion = 15.0.26430.16
MinimumVisualStudioVersion = 10.0.40219.1
Project("{FAE04EC0-301F-11D3-BF4B-00C04F79EFBC}") = "RockPaperScissors", "RockPaperScissors\RockPaperScissors.csproj", "{34D82711-5CE3-4893-8247-73C14049BDE5}"
EndProject
Project("{FAE04EC0-301F-11D3-BF4B-00C04F79EFBC}") = "SharpNet", "..\SharpNet\SharpNet\SharpNet.csproj", "{D885B7B6-B1C5-4A72-8C6E-870A698CDA3B}"
EndProject
Global
	GlobalSection(SolutionConfigurationPlatforms) = preSolution
		Debug|Any CPU = Debug|Any CPU
		Release|Any CPU = Release|Any CPU
	EndGlobalSection
	GlobalSection(ProjectConfigurationPlatforms) = postSolution
		{34D82711-5CE3-4893-8247-73C14049BDE5}.Debug|Any CPU.ActiveCfg = Debug|Any CPU
		{34D82711-5CE3-4893-8247-73C14049BDE5}.Debug|Any CPU.Build.0 = Debug|Any CPU
		{34D82711-5CE3-4893-8247-73C14049BDE5}.Release|Any CPU.ActiveCfg = Release|Any CPU
		{34D82711-5CE3-4893-8247-73C14049BDE5}.Release|Any CPU.Build.0 = Release|Any CPU
		{D885B7B6-B1C5-4A72-8C6E-870A698CDA3B}.Debug|Any CPU.ActiveCfg = Debug|Any CPU
		{D885B7B6-B1C5-4A72-8C6E-870A698CDA3B}.Debug|Any CPU.Build.0 = Debug|Any CPU
		{D885B7B6-B1C5-4A72-8C6E-870A698CDA3B}.Release|Any CPU.ActiveCfg = Release|Any CPU
		{D885B7B6-B1C5-4A72-8C6E-870A698CDA3B}.Release|Any CPU.Build.0 = Release|Any CPU
	EndGlobalSection
	GlobalSection(SolutionProperties) = preSolution
		HideSolutionNode = FALSE
	EndGlobalSection
EndGlobal
