
Microsoft Visual Studio Solution File, Format Version 12.00
# Visual Studio 15
VisualStudioVersion = 15.0.26730.16
MinimumVisualStudioVersion = 10.0.40219.1
Project("{FAE04EC0-301F-11D3-BF4B-00C04F79EFBC}") = "NAudioFunctions", "NAudioFunctions\NAudioFunctions.csproj", "{9ACE4019-1349-4DB4-BDC9-23509B14EEFC}"
EndProject
Global
	GlobalSection(SolutionConfigurationPlatforms) = preSolution
		Debug|Any CPU = Debug|Any CPU
		Release|Any CPU = Release|Any CPU
	EndGlobalSection
	GlobalSection(ProjectConfigurationPlatforms) = postSolution
		{9ACE4019-1349-4DB4-BDC9-23509B14EEFC}.Debug|Any CPU.ActiveCfg = Debug|Any CPU
		{9ACE4019-1349-4DB4-BDC9-23509B14EEFC}.Debug|Any CPU.Build.0 = Debug|Any CPU
		{9ACE4019-1349-4DB4-BDC9-23509B14EEFC}.Release|Any CPU.ActiveCfg = Release|Any CPU
		{9ACE4019-1349-4DB4-BDC9-23509B14EEFC}.Release|Any CPU.Build.0 = Release|Any CPU
	EndGlobalSection
	GlobalSection(SolutionProperties) = preSolution
		HideSolutionNode = FALSE
	EndGlobalSection
	GlobalSection(ExtensibilityGlobals) = postSolution
		SolutionGuid = {C8AF1C62-05C8-46C1-869B-AF54AB457A68}
	EndGlobalSection
EndGlobal
