
Microsoft Visual Studio Solution File, Format Version 12.00
# Visual Studio Version 16
VisualStudioVersion = 16.0.29123.88
MinimumVisualStudioVersion = 10.0.40219.1
Project("{FAE04EC0-301F-11D3-BF4B-00C04F79EFBC}") = "HelloWorld38", "HelloWorld38.csproj", "{C62F461B-D9DD-4BE9-8869-8F3DCDAED2EF}"
EndProject
Global
	GlobalSection(SolutionConfigurationPlatforms) = preSolution
		Debug|Any CPU = Debug|Any CPU
		Release|Any CPU = Release|Any CPU
	EndGlobalSection
	GlobalSection(ProjectConfigurationPlatforms) = postSolution
		{C62F461B-D9DD-4BE9-8869-8F3DCDAED2EF}.Debug|Any CPU.ActiveCfg = Debug|Any CPU
		{C62F461B-D9DD-4BE9-8869-8F3DCDAED2EF}.Debug|Any CPU.Build.0 = Debug|Any CPU
		{C62F461B-D9DD-4BE9-8869-8F3DCDAED2EF}.Release|Any CPU.ActiveCfg = Release|Any CPU
		{C62F461B-D9DD-4BE9-8869-8F3DCDAED2EF}.Release|Any CPU.Build.0 = Release|Any CPU
	EndGlobalSection
	GlobalSection(SolutionProperties) = preSolution
		HideSolutionNode = FALSE
	EndGlobalSection
	GlobalSection(ExtensibilityGlobals) = postSolution
		SolutionGuid = {BA835B10-A9C5-464A-8D11-1ED13CF4C77D}
	EndGlobalSection
EndGlobal
